// !$*UTF8*$!
{
	archiveVersion = 1;
	classes = {
	};
	objectVersion = 56;
	objects = {

/* Begin PBXBuildFile section */
		3B2724B42A6F0C8F002CA89A /* SearchModel.swift in Sources */ = {isa = PBXBuildFile; fileRef = 3B2724B32A6F0C8F002CA89A /* SearchModel.swift */; };
		3B31F88C2A705E1400F0690D /* MainTabBarContoller.swift in Sources */ = {isa = PBXBuildFile; fileRef = 3B31F88B2A705E1400F0690D /* MainTabBarContoller.swift */; };
		3B4341352A828D8A00184B21 /* SelectedMovieData.swift in Sources */ = {isa = PBXBuildFile; fileRef = 3B4341342A828D8A00184B21 /* SelectedMovieData.swift */; };
		3B61276B2A8EBD6200FE0344 /* SearchPresenter.swift in Sources */ = {isa = PBXBuildFile; fileRef = 3B61276A2A8EBD6200FE0344 /* SearchPresenter.swift */; };
		3B632D592A9A1CD6007C7C05 /* FavoriteCell.swift in Sources */ = {isa = PBXBuildFile; fileRef = 3B632D582A9A1CD6007C7C05 /* FavoriteCell.swift */; };
		3B66E7D12A8045A900A82922 /* InfoAboutSelectMovieModel.swift in Sources */ = {isa = PBXBuildFile; fileRef = 3B66E7D02A8045A900A82922 /* InfoAboutSelectMovieModel.swift */; };
		3B706E992A7C5D9000877A85 /* MovieDetailsModel.swift in Sources */ = {isa = PBXBuildFile; fileRef = 3B706E982A7C5D8F00877A85 /* MovieDetailsModel.swift */; };
		3B89371A2A6AB390007E4247 /* AppDelegate.swift in Sources */ = {isa = PBXBuildFile; fileRef = 3B8937192A6AB390007E4247 /* AppDelegate.swift */; };
		3B89371C2A6AB390007E4247 /* SceneDelegate.swift in Sources */ = {isa = PBXBuildFile; fileRef = 3B89371B2A6AB390007E4247 /* SceneDelegate.swift */; };
		3B89371E2A6AB390007E4247 /* StartViewController.swift in Sources */ = {isa = PBXBuildFile; fileRef = 3B89371D2A6AB390007E4247 /* StartViewController.swift */; };
		3B8937232A6AB391007E4247 /* Assets.xcassets in Resources */ = {isa = PBXBuildFile; fileRef = 3B8937222A6AB391007E4247 /* Assets.xcassets */; };
		3B8937262A6AB391007E4247 /* LaunchScreen.storyboard in Resources */ = {isa = PBXBuildFile; fileRef = 3B8937242A6AB391007E4247 /* LaunchScreen.storyboard */; };
		3B8937302A6AC653007E4247 /* MosaicLayout.swift in Sources */ = {isa = PBXBuildFile; fileRef = 3B89372F2A6AC653007E4247 /* MosaicLayout.swift */; };
		3B8937322A6ACA79007E4247 /* Utilities.swift in Sources */ = {isa = PBXBuildFile; fileRef = 3B8937312A6ACA79007E4247 /* Utilities.swift */; };
		3B8937342A6ACC0A007E4247 /* MosaicCell.swift in Sources */ = {isa = PBXBuildFile; fileRef = 3B8937332A6ACC0A007E4247 /* MosaicCell.swift */; };
		3B8937372A6EFEC2007E4247 /* AlomafireProvider.swift in Sources */ = {isa = PBXBuildFile; fileRef = 3B8937362A6EFEC2007E4247 /* AlomafireProvider.swift */; };
		3B89373A2A6F037B007E4247 /* MoviesModel.swift in Sources */ = {isa = PBXBuildFile; fileRef = 3B8937392A6F037B007E4247 /* MoviesModel.swift */; };
		3B89373C2A6F03A2007E4247 /* Constans.swift in Sources */ = {isa = PBXBuildFile; fileRef = 3B89373B2A6F03A2007E4247 /* Constans.swift */; };
		3BA548422A7C401C0039ABE8 /* InfoAboutMoviesViewController.swift in Sources */ = {isa = PBXBuildFile; fileRef = 3BA548412A7C401C0039ABE8 /* InfoAboutMoviesViewController.swift */; };
		3BE289862AA21ABD006216A7 /* MoviesIdDataBaseModel.swift in Sources */ = {isa = PBXBuildFile; fileRef = 3BE289852AA21ABD006216A7 /* MoviesIdDataBaseModel.swift */; };
		3BE289882AA21E38006216A7 /* RealmManager.swift in Sources */ = {isa = PBXBuildFile; fileRef = 3BE289872AA21E38006216A7 /* RealmManager.swift */; };
		3BEBD6392A95657C003D9E54 /* FavoriteViewController.swift in Sources */ = {isa = PBXBuildFile; fileRef = 3BEBD6382A95657C003D9E54 /* FavoriteViewController.swift */; };
		3BEBD63C2A956651003D9E54 /* FavoritePresenter.swift in Sources */ = {isa = PBXBuildFile; fileRef = 3BEBD63B2A956651003D9E54 /* FavoritePresenter.swift */; };
		3BEF4EBB2A8E2E8E00AE3F00 /* SearchViewController.swift in Sources */ = {isa = PBXBuildFile; fileRef = 3BEF4EBA2A8E2E8E00AE3F00 /* SearchViewController.swift */; };
		3BFDE1CF2A729C3D00D0AFC5 /* StartPresenter.swift in Sources */ = {isa = PBXBuildFile; fileRef = 3BFDE1CE2A729C3D00D0AFC5 /* StartPresenter.swift */; };
		C91648110D805E0D96385C76 /* Pods_MoviesApp.framework in Frameworks */ = {isa = PBXBuildFile; fileRef = 450B300C63E44D3AFA1BCA46 /* Pods_MoviesApp.framework */; };
/* End PBXBuildFile section */

/* Begin PBXFileReference section */
		3B2724B32A6F0C8F002CA89A /* SearchModel.swift */ = {isa = PBXFileReference; lastKnownFileType = sourcecode.swift; path = SearchModel.swift; sourceTree = "<group>"; };
		3B31F88B2A705E1400F0690D /* MainTabBarContoller.swift */ = {isa = PBXFileReference; lastKnownFileType = sourcecode.swift; path = MainTabBarContoller.swift; sourceTree = "<group>"; };
		3B4341342A828D8A00184B21 /* SelectedMovieData.swift */ = {isa = PBXFileReference; lastKnownFileType = sourcecode.swift; path = SelectedMovieData.swift; sourceTree = "<group>"; };
		3B61276A2A8EBD6200FE0344 /* SearchPresenter.swift */ = {isa = PBXFileReference; lastKnownFileType = sourcecode.swift; path = SearchPresenter.swift; sourceTree = "<group>"; };
		3B632D582A9A1CD6007C7C05 /* FavoriteCell.swift */ = {isa = PBXFileReference; lastKnownFileType = sourcecode.swift; path = FavoriteCell.swift; sourceTree = "<group>"; };
		3B66E7D02A8045A900A82922 /* InfoAboutSelectMovieModel.swift */ = {isa = PBXFileReference; lastKnownFileType = sourcecode.swift; path = InfoAboutSelectMovieModel.swift; sourceTree = "<group>"; };
		3B706E982A7C5D8F00877A85 /* MovieDetailsModel.swift */ = {isa = PBXFileReference; lastKnownFileType = sourcecode.swift; path = MovieDetailsModel.swift; sourceTree = "<group>"; };
		3B8937162A6AB390007E4247 /* MoviesApp.app */ = {isa = PBXFileReference; explicitFileType = wrapper.application; includeInIndex = 0; path = MoviesApp.app; sourceTree = BUILT_PRODUCTS_DIR; };
		3B8937192A6AB390007E4247 /* AppDelegate.swift */ = {isa = PBXFileReference; lastKnownFileType = sourcecode.swift; path = AppDelegate.swift; sourceTree = "<group>"; };
		3B89371B2A6AB390007E4247 /* SceneDelegate.swift */ = {isa = PBXFileReference; lastKnownFileType = sourcecode.swift; path = SceneDelegate.swift; sourceTree = "<group>"; };
		3B89371D2A6AB390007E4247 /* StartViewController.swift */ = {isa = PBXFileReference; lastKnownFileType = sourcecode.swift; path = StartViewController.swift; sourceTree = "<group>"; };
		3B8937222A6AB391007E4247 /* Assets.xcassets */ = {isa = PBXFileReference; lastKnownFileType = folder.assetcatalog; path = Assets.xcassets; sourceTree = "<group>"; };
		3B8937252A6AB391007E4247 /* Base */ = {isa = PBXFileReference; lastKnownFileType = file.storyboard; name = Base; path = Base.lproj/LaunchScreen.storyboard; sourceTree = "<group>"; };
		3B8937272A6AB391007E4247 /* Info.plist */ = {isa = PBXFileReference; lastKnownFileType = text.plist.xml; path = Info.plist; sourceTree = "<group>"; };
		3B89372F2A6AC653007E4247 /* MosaicLayout.swift */ = {isa = PBXFileReference; lastKnownFileType = sourcecode.swift; path = MosaicLayout.swift; sourceTree = "<group>"; };
		3B8937312A6ACA79007E4247 /* Utilities.swift */ = {isa = PBXFileReference; lastKnownFileType = sourcecode.swift; path = Utilities.swift; sourceTree = "<group>"; };
		3B8937332A6ACC0A007E4247 /* MosaicCell.swift */ = {isa = PBXFileReference; lastKnownFileType = sourcecode.swift; path = MosaicCell.swift; sourceTree = "<group>"; };
		3B8937362A6EFEC2007E4247 /* AlomafireProvider.swift */ = {isa = PBXFileReference; lastKnownFileType = sourcecode.swift; path = AlomafireProvider.swift; sourceTree = "<group>"; };
		3B8937392A6F037B007E4247 /* MoviesModel.swift */ = {isa = PBXFileReference; lastKnownFileType = sourcecode.swift; path = MoviesModel.swift; sourceTree = "<group>"; };
		3B89373B2A6F03A2007E4247 /* Constans.swift */ = {isa = PBXFileReference; lastKnownFileType = sourcecode.swift; path = Constans.swift; sourceTree = "<group>"; };
		3BA548412A7C401C0039ABE8 /* InfoAboutMoviesViewController.swift */ = {isa = PBXFileReference; lastKnownFileType = sourcecode.swift; path = InfoAboutMoviesViewController.swift; sourceTree = "<group>"; };
		3BE289852AA21ABD006216A7 /* MoviesIdDataBaseModel.swift */ = {isa = PBXFileReference; lastKnownFileType = sourcecode.swift; path = MoviesIdDataBaseModel.swift; sourceTree = "<group>"; };
		3BE289872AA21E38006216A7 /* RealmManager.swift */ = {isa = PBXFileReference; lastKnownFileType = sourcecode.swift; path = RealmManager.swift; sourceTree = "<group>"; };
		3BEBD6382A95657C003D9E54 /* FavoriteViewController.swift */ = {isa = PBXFileReference; lastKnownFileType = sourcecode.swift; path = FavoriteViewController.swift; sourceTree = "<group>"; };
		3BEBD63B2A956651003D9E54 /* FavoritePresenter.swift */ = {isa = PBXFileReference; lastKnownFileType = sourcecode.swift; path = FavoritePresenter.swift; sourceTree = "<group>"; };
		3BEF4EBA2A8E2E8E00AE3F00 /* SearchViewController.swift */ = {isa = PBXFileReference; lastKnownFileType = sourcecode.swift; path = SearchViewController.swift; sourceTree = "<group>"; };
		3BFDE1CE2A729C3D00D0AFC5 /* StartPresenter.swift */ = {isa = PBXFileReference; lastKnownFileType = sourcecode.swift; path = StartPresenter.swift; sourceTree = "<group>"; };
		450B300C63E44D3AFA1BCA46 /* Pods_MoviesApp.framework */ = {isa = PBXFileReference; explicitFileType = wrapper.framework; includeInIndex = 0; path = Pods_MoviesApp.framework; sourceTree = BUILT_PRODUCTS_DIR; };
		9CF6DB01AD7B60A00B0DFAF1 /* Pods-MoviesApp.release.xcconfig */ = {isa = PBXFileReference; includeInIndex = 1; lastKnownFileType = text.xcconfig; name = "Pods-MoviesApp.release.xcconfig"; path = "Target Support Files/Pods-MoviesApp/Pods-MoviesApp.release.xcconfig"; sourceTree = "<group>"; };
		CDADE6342469B63A1B80552B /* Pods-MoviesApp.debug.xcconfig */ = {isa = PBXFileReference; includeInIndex = 1; lastKnownFileType = text.xcconfig; name = "Pods-MoviesApp.debug.xcconfig"; path = "Target Support Files/Pods-MoviesApp/Pods-MoviesApp.debug.xcconfig"; sourceTree = "<group>"; };
/* End PBXFileReference section */

/* Begin PBXFrameworksBuildPhase section */
		3B8937132A6AB390007E4247 /* Frameworks */ = {
			isa = PBXFrameworksBuildPhase;
			buildActionMask = 2147483647;
			files = (
				C91648110D805E0D96385C76 /* Pods_MoviesApp.framework in Frameworks */,
			);
			runOnlyForDeploymentPostprocessing = 0;
		};
/* End PBXFrameworksBuildPhase section */

/* Begin PBXGroup section */
		062D52753B43162E9E7644D9 /* Pods */ = {
			isa = PBXGroup;
			children = (
				CDADE6342469B63A1B80552B /* Pods-MoviesApp.debug.xcconfig */,
				9CF6DB01AD7B60A00B0DFAF1 /* Pods-MoviesApp.release.xcconfig */,
			);
			path = Pods;
			sourceTree = "<group>";
		};
		3B1090782A979D1400663619 /* App */ = {
			isa = PBXGroup;
			children = (
				3B89371B2A6AB390007E4247 /* SceneDelegate.swift */,
				3B8937192A6AB390007E4247 /* AppDelegate.swift */,
			);
			path = App;
			sourceTree = "<group>";
		};
		3B6127652A8EBCB300FE0344 /* StartModule */ = {
			isa = PBXGroup;
			children = (
				3B89371D2A6AB390007E4247 /* StartViewController.swift */,
				3BFDE1CE2A729C3D00D0AFC5 /* StartPresenter.swift */,
			);
			path = StartModule;
			sourceTree = "<group>";
		};
		3B6127672A8EBCF400FE0344 /* SearchModule */ = {
			isa = PBXGroup;
			children = (
				3BEF4EBA2A8E2E8E00AE3F00 /* SearchViewController.swift */,
				3B61276A2A8EBD6200FE0344 /* SearchPresenter.swift */,
			);
			path = SearchModule;
			sourceTree = "<group>";
		};
		3B6127682A8EBD0F00FE0344 /* InfoAboutMoviesModule */ = {
			isa = PBXGroup;
			children = (
				3BA548412A7C401C0039ABE8 /* InfoAboutMoviesViewController.swift */,
			);
			path = InfoAboutMoviesModule;
			sourceTree = "<group>";
		};
		3B6127692A8EBD2200FE0344 /* MainTabBarModule */ = {
			isa = PBXGroup;
			children = (
				3B31F88B2A705E1400F0690D /* MainTabBarContoller.swift */,
			);
			path = MainTabBarModule;
			sourceTree = "<group>";
		};
		3B89370D2A6AB390007E4247 = {
			isa = PBXGroup;
			children = (
				3B8937182A6AB390007E4247 /* MoviesApp */,
				3B8937172A6AB390007E4247 /* Products */,
				062D52753B43162E9E7644D9 /* Pods */,
				C0BCBF57185983D397D8BF1B /* Frameworks */,
			);
			sourceTree = "<group>";
		};
		3B8937172A6AB390007E4247 /* Products */ = {
			isa = PBXGroup;
			children = (
				3B8937162A6AB390007E4247 /* MoviesApp.app */,
			);
			name = Products;
			sourceTree = "<group>";
		};
		3B8937182A6AB390007E4247 /* MoviesApp */ = {
			isa = PBXGroup;
			children = (
				3B1090782A979D1400663619 /* App */,
				3B6127692A8EBD2200FE0344 /* MainTabBarModule */,
				3BEBD63A2A95658C003D9E54 /* FavoriteModule */,
				3B6127672A8EBCF400FE0344 /* SearchModule */,
				3B6127652A8EBCB300FE0344 /* StartModule */,
				3B6127682A8EBD0F00FE0344 /* InfoAboutMoviesModule */,
				3B8937352A6EFE46007E4247 /* Services */,
				3B8937382A6F0351007E4247 /* Models */,
				3BFDE1D12A73096300D0AFC5 /* MosaicCell+MosaicLayout */,
				3BFDE1D22A7309D000D0AFC5 /* Utilities */,
				3B8937222A6AB391007E4247 /* Assets.xcassets */,
				3B8937242A6AB391007E4247 /* LaunchScreen.storyboard */,
				3B8937272A6AB391007E4247 /* Info.plist */,
			);
			path = MoviesApp;
			sourceTree = "<group>";
		};
		3B8937352A6EFE46007E4247 /* Services */ = {
			isa = PBXGroup;
			children = (
				3B8937362A6EFEC2007E4247 /* AlomafireProvider.swift */,
				3BE289872AA21E38006216A7 /* RealmManager.swift */,
				3B89373B2A6F03A2007E4247 /* Constans.swift */,
			);
			path = Services;
			sourceTree = "<group>";
		};
		3B8937382A6F0351007E4247 /* Models */ = {
			isa = PBXGroup;
			children = (
				3B706E982A7C5D8F00877A85 /* MovieDetailsModel.swift */,
				3BE289852AA21ABD006216A7 /* MoviesIdDataBaseModel.swift */,
				3B66E7D02A8045A900A82922 /* InfoAboutSelectMovieModel.swift */,
				3B4341342A828D8A00184B21 /* SelectedMovieData.swift */,
				3B8937392A6F037B007E4247 /* MoviesModel.swift */,
				3B2724B32A6F0C8F002CA89A /* SearchModel.swift */,
			);
			name = Models;
			path = ..;
			sourceTree = "<group>";
		};
		3BEBD63A2A95658C003D9E54 /* FavoriteModule */ = {
			isa = PBXGroup;
			children = (
				3BEBD6382A95657C003D9E54 /* FavoriteViewController.swift */,
				3BEBD63B2A956651003D9E54 /* FavoritePresenter.swift */,
			);
			path = FavoriteModule;
			sourceTree = "<group>";
		};
		3BFDE1D12A73096300D0AFC5 /* MosaicCell+MosaicLayout */ = {
			isa = PBXGroup;
			children = (
				3B89372F2A6AC653007E4247 /* MosaicLayout.swift */,
				3B8937332A6ACC0A007E4247 /* MosaicCell.swift */,
				3B632D582A9A1CD6007C7C05 /* FavoriteCell.swift */,
			);
			name = "MosaicCell+MosaicLayout";
			path = ..;
			sourceTree = "<group>";
		};
		3BFDE1D22A7309D000D0AFC5 /* Utilities */ = {
			isa = PBXGroup;
			children = (
				3B8937312A6ACA79007E4247 /* Utilities.swift */,
			);
			path = Utilities;
			sourceTree = "<group>";
		};
		C0BCBF57185983D397D8BF1B /* Frameworks */ = {
			isa = PBXGroup;
			children = (
				450B300C63E44D3AFA1BCA46 /* Pods_MoviesApp.framework */,
			);
			name = Frameworks;
			sourceTree = "<group>";
		};
/* End PBXGroup section */

/* Begin PBXNativeTarget section */
		3B8937152A6AB390007E4247 /* MoviesApp */ = {
			isa = PBXNativeTarget;
			buildConfigurationList = 3B89372A2A6AB391007E4247 /* Build configuration list for PBXNativeTarget "MoviesApp" */;
			buildPhases = (
				FCBBA7DE77C7436F2B03FDA8 /* [CP] Check Pods Manifest.lock */,
				3B8937122A6AB390007E4247 /* Sources */,
				3B8937132A6AB390007E4247 /* Frameworks */,
				3B8937142A6AB390007E4247 /* Resources */,
				53E934702E9E85A5D4FC3B37 /* [CP] Embed Pods Frameworks */,
			);
			buildRules = (
			);
			dependencies = (
			);
			name = MoviesApp;
			productName = MoviesApp;
			productReference = 3B8937162A6AB390007E4247 /* MoviesApp.app */;
			productType = "com.apple.product-type.application";
		};
/* End PBXNativeTarget section */

/* Begin PBXProject section */
		3B89370E2A6AB390007E4247 /* Project object */ = {
			isa = PBXProject;
			attributes = {
				BuildIndependentTargetsInParallel = 1;
				LastSwiftUpdateCheck = 1420;
				LastUpgradeCheck = 1420;
				TargetAttributes = {
					3B8937152A6AB390007E4247 = {
						CreatedOnToolsVersion = 14.2;
					};
				};
			};
			buildConfigurationList = 3B8937112A6AB390007E4247 /* Build configuration list for PBXProject "MoviesApp" */;
			compatibilityVersion = "Xcode 14.0";
			developmentRegion = en;
			hasScannedForEncodings = 0;
			knownRegions = (
				en,
				Base,
			);
			mainGroup = 3B89370D2A6AB390007E4247;
			productRefGroup = 3B8937172A6AB390007E4247 /* Products */;
			projectDirPath = "";
			projectRoot = "";
			targets = (
				3B8937152A6AB390007E4247 /* MoviesApp */,
			);
		};
/* End PBXProject section */

/* Begin PBXResourcesBuildPhase section */
		3B8937142A6AB390007E4247 /* Resources */ = {
			isa = PBXResourcesBuildPhase;
			buildActionMask = 2147483647;
			files = (
				3B8937262A6AB391007E4247 /* LaunchScreen.storyboard in Resources */,
				3B8937232A6AB391007E4247 /* Assets.xcassets in Resources */,
			);
			runOnlyForDeploymentPostprocessing = 0;
		};
/* End PBXResourcesBuildPhase section */

/* Begin PBXShellScriptBuildPhase section */
		53E934702E9E85A5D4FC3B37 /* [CP] Embed Pods Frameworks */ = {
			isa = PBXShellScriptBuildPhase;
			buildActionMask = 2147483647;
			files = (
			);
			inputFileListPaths = (
				"${PODS_ROOT}/Target Support Files/Pods-MoviesApp/Pods-MoviesApp-frameworks-${CONFIGURATION}-input-files.xcfilelist",
			);
			name = "[CP] Embed Pods Frameworks";
			outputFileListPaths = (
				"${PODS_ROOT}/Target Support Files/Pods-MoviesApp/Pods-MoviesApp-frameworks-${CONFIGURATION}-output-files.xcfilelist",
			);
			runOnlyForDeploymentPostprocessing = 0;
			shellPath = /bin/sh;
			shellScript = "\"${PODS_ROOT}/Target Support Files/Pods-MoviesApp/Pods-MoviesApp-frameworks.sh\"\n";
			showEnvVarsInLog = 0;
		};
		FCBBA7DE77C7436F2B03FDA8 /* [CP] Check Pods Manifest.lock */ = {
			isa = PBXShellScriptBuildPhase;
			buildActionMask = 2147483647;
			files = (
			);
			inputFileListPaths = (
			);
			inputPaths = (
				"${PODS_PODFILE_DIR_PATH}/Podfile.lock",
				"${PODS_ROOT}/Manifest.lock",
			);
			name = "[CP] Check Pods Manifest.lock";
			outputFileListPaths = (
			);
			outputPaths = (
				"$(DERIVED_FILE_DIR)/Pods-MoviesApp-checkManifestLockResult.txt",
			);
			runOnlyForDeploymentPostprocessing = 0;
			shellPath = /bin/sh;
			shellScript = "diff \"${PODS_PODFILE_DIR_PATH}/Podfile.lock\" \"${PODS_ROOT}/Manifest.lock\" > /dev/null\nif [ $? != 0 ] ; then\n    # print error to STDERR\n    echo \"error: The sandbox is not in sync with the Podfile.lock. Run 'pod install' or update your CocoaPods installation.\" >&2\n    exit 1\nfi\n# This output is used by Xcode 'outputs' to avoid re-running this script phase.\necho \"SUCCESS\" > \"${SCRIPT_OUTPUT_FILE_0}\"\n";
			showEnvVarsInLog = 0;
		};
/* End PBXShellScriptBuildPhase section */

/* Begin PBXSourcesBuildPhase section */
		3B8937122A6AB390007E4247 /* Sources */ = {
			isa = PBXSourcesBuildPhase;
			buildActionMask = 2147483647;
			files = (
				3B89373A2A6F037B007E4247 /* MoviesModel.swift in Sources */,
				3B706E992A7C5D9000877A85 /* MovieDetailsModel.swift in Sources */,
				3B89371E2A6AB390007E4247 /* StartViewController.swift in Sources */,
				3BEF4EBB2A8E2E8E00AE3F00 /* SearchViewController.swift in Sources */,
				3B89373C2A6F03A2007E4247 /* Constans.swift in Sources */,
				3BE289882AA21E38006216A7 /* RealmManager.swift in Sources */,
				3B4341352A828D8A00184B21 /* SelectedMovieData.swift in Sources */,
				3BFDE1CF2A729C3D00D0AFC5 /* StartPresenter.swift in Sources */,
				3B2724B42A6F0C8F002CA89A /* SearchModel.swift in Sources */,
				3B61276B2A8EBD6200FE0344 /* SearchPresenter.swift in Sources */,
				3B632D592A9A1CD6007C7C05 /* FavoriteCell.swift in Sources */,
				3B89371A2A6AB390007E4247 /* AppDelegate.swift in Sources */,
				3B89371C2A6AB390007E4247 /* SceneDelegate.swift in Sources */,
				3B8937342A6ACC0A007E4247 /* MosaicCell.swift in Sources */,
				3BE289862AA21ABD006216A7 /* MoviesIdDataBaseModel.swift in Sources */,
				3B8937372A6EFEC2007E4247 /* AlomafireProvider.swift in Sources */,
				3B31F88C2A705E1400F0690D /* MainTabBarContoller.swift in Sources */,
				3BEBD6392A95657C003D9E54 /* FavoriteViewController.swift in Sources */,
				3B66E7D12A8045A900A82922 /* InfoAboutSelectMovieModel.swift in Sources */,
				3BEBD63C2A956651003D9E54 /* FavoritePresenter.swift in Sources */,
				3BA548422A7C401C0039ABE8 /* InfoAboutMoviesViewController.swift in Sources */,
				3B8937322A6ACA79007E4247 /* Utilities.swift in Sources */,
				3B8937302A6AC653007E4247 /* MosaicLayout.swift in Sources */,
			);
			runOnlyForDeploymentPostprocessing = 0;
		};
/* End PBXSourcesBuildPhase section */

/* Begin PBXVariantGroup section */
		3B8937242A6AB391007E4247 /* LaunchScreen.storyboard */ = {
			isa = PBXVariantGroup;
			children = (
				3B8937252A6AB391007E4247 /* Base */,
			);
			name = LaunchScreen.storyboard;
			sourceTree = "<group>";
		};
/* End PBXVariantGroup section */

/* Begin XCBuildConfiguration section */
		3B8937282A6AB391007E4247 /* Debug */ = {
			isa = XCBuildConfiguration;
			buildSettings = {
				ALWAYS_SEARCH_USER_PATHS = NO;
				CLANG_ANALYZER_NONNULL = YES;
				CLANG_ANALYZER_NUMBER_OBJECT_CONVERSION = YES_AGGRESSIVE;
				CLANG_CXX_LANGUAGE_STANDARD = "gnu++20";
				CLANG_ENABLE_MODULES = YES;
				CLANG_ENABLE_OBJC_ARC = YES;
				CLANG_ENABLE_OBJC_WEAK = YES;
				CLANG_WARN_BLOCK_CAPTURE_AUTORELEASING = YES;
				CLANG_WARN_BOOL_CONVERSION = YES;
				CLANG_WARN_COMMA = YES;
				CLANG_WARN_CONSTANT_CONVERSION = YES;
				CLANG_WARN_DEPRECATED_OBJC_IMPLEMENTATIONS = YES;
				CLANG_WARN_DIRECT_OBJC_ISA_USAGE = YES_ERROR;
				CLANG_WARN_DOCUMENTATION_COMMENTS = YES;
				CLANG_WARN_EMPTY_BODY = YES;
				CLANG_WARN_ENUM_CONVERSION = YES;
				CLANG_WARN_INFINITE_RECURSION = YES;
				CLANG_WARN_INT_CONVERSION = YES;
				CLANG_WARN_NON_LITERAL_NULL_CONVERSION = YES;
				CLANG_WARN_OBJC_IMPLICIT_RETAIN_SELF = YES;
				CLANG_WARN_OBJC_LITERAL_CONVERSION = YES;
				CLANG_WARN_OBJC_ROOT_CLASS = YES_ERROR;
				CLANG_WARN_QUOTED_INCLUDE_IN_FRAMEWORK_HEADER = YES;
				CLANG_WARN_RANGE_LOOP_ANALYSIS = YES;
				CLANG_WARN_STRICT_PROTOTYPES = YES;
				CLANG_WARN_SUSPICIOUS_MOVE = YES;
				CLANG_WARN_UNGUARDED_AVAILABILITY = YES_AGGRESSIVE;
				CLANG_WARN_UNREACHABLE_CODE = YES;
				CLANG_WARN__DUPLICATE_METHOD_MATCH = YES;
				COPY_PHASE_STRIP = NO;
				DEBUG_INFORMATION_FORMAT = dwarf;
				ENABLE_STRICT_OBJC_MSGSEND = YES;
				ENABLE_TESTABILITY = YES;
				GCC_C_LANGUAGE_STANDARD = gnu11;
				GCC_DYNAMIC_NO_PIC = NO;
				GCC_NO_COMMON_BLOCKS = YES;
				GCC_OPTIMIZATION_LEVEL = 0;
				GCC_PREPROCESSOR_DEFINITIONS = (
					"DEBUG=1",
					"$(inherited)",
				);
				GCC_WARN_64_TO_32_BIT_CONVERSION = YES;
				GCC_WARN_ABOUT_RETURN_TYPE = YES_ERROR;
				GCC_WARN_UNDECLARED_SELECTOR = YES;
				GCC_WARN_UNINITIALIZED_AUTOS = YES_AGGRESSIVE;
				GCC_WARN_UNUSED_FUNCTION = YES;
				GCC_WARN_UNUSED_VARIABLE = YES;
				IPHONEOS_DEPLOYMENT_TARGET = 16.2;
				MTL_ENABLE_DEBUG_INFO = INCLUDE_SOURCE;
				MTL_FAST_MATH = YES;
				ONLY_ACTIVE_ARCH = YES;
				SDKROOT = iphoneos;
				SWIFT_ACTIVE_COMPILATION_CONDITIONS = DEBUG;
				SWIFT_OPTIMIZATION_LEVEL = "-Onone";
			};
			name = Debug;
		};
		3B8937292A6AB391007E4247 /* Release */ = {
			isa = XCBuildConfiguration;
			buildSettings = {
				ALWAYS_SEARCH_USER_PATHS = NO;
				CLANG_ANALYZER_NONNULL = YES;
				CLANG_ANALYZER_NUMBER_OBJECT_CONVERSION = YES_AGGRESSIVE;
				CLANG_CXX_LANGUAGE_STANDARD = "gnu++20";
				CLANG_ENABLE_MODULES = YES;
				CLANG_ENABLE_OBJC_ARC = YES;
				CLANG_ENABLE_OBJC_WEAK = YES;
				CLANG_WARN_BLOCK_CAPTURE_AUTORELEASING = YES;
				CLANG_WARN_BOOL_CONVERSION = YES;
				CLANG_WARN_COMMA = YES;
				CLANG_WARN_CONSTANT_CONVERSION = YES;
				CLANG_WARN_DEPRECATED_OBJC_IMPLEMENTATIONS = YES;
				CLANG_WARN_DIRECT_OBJC_ISA_USAGE = YES_ERROR;
				CLANG_WARN_DOCUMENTATION_COMMENTS = YES;
				CLANG_WARN_EMPTY_BODY = YES;
				CLANG_WARN_ENUM_CONVERSION = YES;
				CLANG_WARN_INFINITE_RECURSION = YES;
				CLANG_WARN_INT_CONVERSION = YES;
				CLANG_WARN_NON_LITERAL_NULL_CONVERSION = YES;
				CLANG_WARN_OBJC_IMPLICIT_RETAIN_SELF = YES;
				CLANG_WARN_OBJC_LITERAL_CONVERSION = YES;
				CLANG_WARN_OBJC_ROOT_CLASS = YES_ERROR;
				CLANG_WARN_QUOTED_INCLUDE_IN_FRAMEWORK_HEADER = YES;
				CLANG_WARN_RANGE_LOOP_ANALYSIS = YES;
				CLANG_WARN_STRICT_PROTOTYPES = YES;
				CLANG_WARN_SUSPICIOUS_MOVE = YES;
				CLANG_WARN_UNGUARDED_AVAILABILITY = YES_AGGRESSIVE;
				CLANG_WARN_UNREACHABLE_CODE = YES;
				CLANG_WARN__DUPLICATE_METHOD_MATCH = YES;
				COPY_PHASE_STRIP = NO;
				DEBUG_INFORMATION_FORMAT = "dwarf-with-dsym";
				ENABLE_NS_ASSERTIONS = NO;
				ENABLE_STRICT_OBJC_MSGSEND = YES;
				GCC_C_LANGUAGE_STANDARD = gnu11;
				GCC_NO_COMMON_BLOCKS = YES;
				GCC_WARN_64_TO_32_BIT_CONVERSION = YES;
				GCC_WARN_ABOUT_RETURN_TYPE = YES_ERROR;
				GCC_WARN_UNDECLARED_SELECTOR = YES;
				GCC_WARN_UNINITIALIZED_AUTOS = YES_AGGRESSIVE;
				GCC_WARN_UNUSED_FUNCTION = YES;
				GCC_WARN_UNUSED_VARIABLE = YES;
				IPHONEOS_DEPLOYMENT_TARGET = 16.2;
				MTL_ENABLE_DEBUG_INFO = NO;
				MTL_FAST_MATH = YES;
				SDKROOT = iphoneos;
				SWIFT_COMPILATION_MODE = wholemodule;
				SWIFT_OPTIMIZATION_LEVEL = "-O";
				VALIDATE_PRODUCT = YES;
			};
			name = Release;
		};
		3B89372B2A6AB391007E4247 /* Debug */ = {
			isa = XCBuildConfiguration;
			baseConfigurationReference = CDADE6342469B63A1B80552B /* Pods-MoviesApp.debug.xcconfig */;
			buildSettings = {
				ASSETCATALOG_COMPILER_APPICON_NAME = AppIcon;
				ASSETCATALOG_COMPILER_GLOBAL_ACCENT_COLOR_NAME = AccentColor;
				CODE_SIGN_STYLE = Automatic;
				CURRENT_PROJECT_VERSION = 1;
				DEVELOPMENT_TEAM = J5AJD2NCVD;
				GENERATE_INFOPLIST_FILE = YES;
				INFOPLIST_FILE = MoviesApp/Info.plist;
				INFOPLIST_KEY_UIApplicationSupportsIndirectInputEvents = YES;
				INFOPLIST_KEY_UILaunchStoryboardName = LaunchScreen;
				INFOPLIST_KEY_UISupportedInterfaceOrientations = UIInterfaceOrientationPortrait;
				INFOPLIST_KEY_UISupportedInterfaceOrientations_iPad = "UIInterfaceOrientationLandscapeLeft UIInterfaceOrientationLandscapeRight UIInterfaceOrientationPortrait UIInterfaceOrientationPortraitUpsideDown";
				IPHONEOS_DEPLOYMENT_TARGET = 16.0;
				LD_RUNPATH_SEARCH_PATHS = (
					"$(inherited)",
					"@executable_path/Frameworks",
				);
				MARKETING_VERSION = 1.0;
				PRODUCT_BUNDLE_IDENTIFIER = com.MoviesApppp;
				PRODUCT_NAME = "$(TARGET_NAME)";
				SWIFT_EMIT_LOC_STRINGS = YES;
				SWIFT_VERSION = 5.0;
				TARGETED_DEVICE_FAMILY = "1,2";
			};
			name = Debug;
		};
		3B89372C2A6AB391007E4247 /* Release */ = {
			isa = XCBuildConfiguration;
			baseConfigurationReference = 9CF6DB01AD7B60A00B0DFAF1 /* Pods-MoviesApp.release.xcconfig */;
			buildSettings = {
				ASSETCATALOG_COMPILER_APPICON_NAME = AppIcon;
				ASSETCATALOG_COMPILER_GLOBAL_ACCENT_COLOR_NAME = AccentColor;
				CODE_SIGN_STYLE = Automatic;
				CURRENT_PROJECT_VERSION = 1;
				DEVELOPMENT_TEAM = J5AJD2NCVD;
				GENERATE_INFOPLIST_FILE = YES;
				INFOPLIST_FILE = MoviesApp/Info.plist;
				INFOPLIST_KEY_UIApplicationSupportsIndirectInputEvents = YES;
				INFOPLIST_KEY_UILaunchStoryboardName = LaunchScreen;
				INFOPLIST_KEY_UISupportedInterfaceOrientations = UIInterfaceOrientationPortrait;
				INFOPLIST_KEY_UISupportedInterfaceOrientations_iPad = "UIInterfaceOrientationLandscapeLeft UIInterfaceOrientationLandscapeRight UIInterfaceOrientationPortrait UIInterfaceOrientationPortraitUpsideDown";
				IPHONEOS_DEPLOYMENT_TARGET = 16.0;
				LD_RUNPATH_SEARCH_PATHS = (
					"$(inherited)",
					"@executable_path/Frameworks",
				);
				MARKETING_VERSION = 1.0;
				PRODUCT_BUNDLE_IDENTIFIER = com.MoviesApppp;
				PRODUCT_NAME = "$(TARGET_NAME)";
				SWIFT_EMIT_LOC_STRINGS = YES;
				SWIFT_VERSION = 5.0;
				TARGETED_DEVICE_FAMILY = "1,2";
			};
			name = Release;
		};
/* End XCBuildConfiguration section */

/* Begin XCConfigurationList section */
		3B8937112A6AB390007E4247 /* Build configuration list for PBXProject "MoviesApp" */ = {
			isa = XCConfigurationList;
			buildConfigurations = (
				3B8937282A6AB391007E4247 /* Debug */,
				3B8937292A6AB391007E4247 /* Release */,
			);
			defaultConfigurationIsVisible = 0;
			defaultConfigurationName = Release;
		};
		3B89372A2A6AB391007E4247 /* Build configuration list for PBXNativeTarget "MoviesApp" */ = {
			isa = XCConfigurationList;
			buildConfigurations = (
				3B89372B2A6AB391007E4247 /* Debug */,
				3B89372C2A6AB391007E4247 /* Release */,
			);
			defaultConfigurationIsVisible = 0;
			defaultConfigurationName = Release;
		};
/* End XCConfigurationList section */
	};
	rootObject = 3B89370E2A6AB390007E4247 /* Project object */;
}
